
Microsoft Visual Studio Solution File, Format Version 12.00
# Visual Studio 15
VisualStudioVersion = 15.0.27703.2026
MinimumVisualStudioVersion = 10.0.40219.1
Project("{FAE04EC0-301F-11D3-BF4B-00C04F79EFBC}") = "Belote", "Belote\Belote.csproj", "{64EBAD1B-AAA6-4E77-97F3-53D57CC4A74E}"
EndProject
Global
	GlobalSection(SolutionConfigurationPlatforms) = preSolution
		Debug|Any CPU = Debug|Any CPU
		Release|Any CPU = Release|Any CPU
	EndGlobalSection
	GlobalSection(ProjectConfigurationPlatforms) = postSolution
		{64EBAD1B-AAA6-4E77-97F3-53D57CC4A74E}.Debug|Any CPU.ActiveCfg = Debug|Any CPU
		{64EBAD1B-AAA6-4E77-97F3-53D57CC4A74E}.Debug|Any CPU.Build.0 = Debug|Any CPU
		{64EBAD1B-AAA6-4E77-97F3-53D57CC4A74E}.Release|Any CPU.ActiveCfg = Release|Any CPU
		{64EBAD1B-AAA6-4E77-97F3-53D57CC4A74E}.Release|Any CPU.Build.0 = Release|Any CPU
	EndGlobalSection
	GlobalSection(SolutionProperties) = preSolution
		HideSolutionNode = FALSE
	EndGlobalSection
	GlobalSection(ExtensibilityGlobals) = postSolution
		SolutionGuid = {778FDFFA-E6F3-4903-AAE3-83756B22F950}
	EndGlobalSection
EndGlobal
